// !$*UTF8*$!
{
	archiveVersion = 1;
	classes = {
	};
	objectVersion = 46;
	objects = {

/* Begin PBXBuildFile section */
		6338380F1A821417007F92DD /* AppDelegate.swift in Sources */ = {isa = PBXBuildFile; fileRef = 6338380E1A821417007F92DD /* AppDelegate.swift */; };
		633838111A821417007F92DD /* ViewController.swift in Sources */ = {isa = PBXBuildFile; fileRef = 633838101A821417007F92DD /* ViewController.swift */; };
		633838141A821417007F92DD /* Main.storyboard in Resources */ = {isa = PBXBuildFile; fileRef = 633838121A821417007F92DD /* Main.storyboard */; };
		633838161A821417007F92DD /* Images.xcassets in Resources */ = {isa = PBXBuildFile; fileRef = 633838151A821417007F92DD /* Images.xcassets */; };
		633838191A821417007F92DD /* LaunchScreen.xib in Resources */ = {isa = PBXBuildFile; fileRef = 633838171A821417007F92DD /* LaunchScreen.xib */; };
		633838251A821418007F92DD /* BrimoTests.swift in Sources */ = {isa = PBXBuildFile; fileRef = 633838241A821418007F92DD /* BrimoTests.swift */; };
		633838691A824B22007F92DD /* BRIMO_ICON.png in Resources */ = {isa = PBXBuildFile; fileRef = 633838681A824B22007F92DD /* BRIMO_ICON.png */; };
		63621A9D1A88DF0300A7B3DB /* Social.framework in Frameworks */ = {isa = PBXBuildFile; fileRef = 63621A9C1A88DF0300A7B3DB /* Social.framework */; };
/* End PBXBuildFile section */

/* Begin PBXContainerItemProxy section */
		6338381F1A821418007F92DD /* PBXContainerItemProxy */ = {
			isa = PBXContainerItemProxy;
			containerPortal = 633838011A821417007F92DD /* Project object */;
			proxyType = 1;
			remoteGlobalIDString = 633838081A821417007F92DD;
			remoteInfo = Brimo;
		};
/* End PBXContainerItemProxy section */

/* Begin PBXFileReference section */
		633838091A821417007F92DD /* Brimo.app */ = {isa = PBXFileReference; explicitFileType = wrapper.application; includeInIndex = 0; path = Brimo.app; sourceTree = BUILT_PRODUCTS_DIR; };
		6338380D1A821417007F92DD /* Info.plist */ = {isa = PBXFileReference; lastKnownFileType = text.plist.xml; path = Info.plist; sourceTree = "<group>"; };
		6338380E1A821417007F92DD /* AppDelegate.swift */ = {isa = PBXFileReference; lastKnownFileType = sourcecode.swift; path = AppDelegate.swift; sourceTree = "<group>"; };
		633838101A821417007F92DD /* ViewController.swift */ = {isa = PBXFileReference; lastKnownFileType = sourcecode.swift; path = ViewController.swift; sourceTree = "<group>"; };
		633838131A821417007F92DD /* Base */ = {isa = PBXFileReference; lastKnownFileType = file.storyboard; name = Base; path = Base.lproj/Main.storyboard; sourceTree = "<group>"; };
		633838151A821417007F92DD /* Images.xcassets */ = {isa = PBXFileReference; lastKnownFileType = folder.assetcatalog; path = Images.xcassets; sourceTree = "<group>"; };
		633838181A821417007F92DD /* Base */ = {isa = PBXFileReference; lastKnownFileType = file.xib; name = Base; path = Base.lproj/LaunchScreen.xib; sourceTree = "<group>"; };
		6338381E1A821418007F92DD /* BrimoTests.xctest */ = {isa = PBXFileReference; explicitFileType = wrapper.cfbundle; includeInIndex = 0; path = BrimoTests.xctest; sourceTree = BUILT_PRODUCTS_DIR; };
		633838231A821418007F92DD /* Info.plist */ = {isa = PBXFileReference; lastKnownFileType = text.plist.xml; path = Info.plist; sourceTree = "<group>"; };
		633838241A821418007F92DD /* BrimoTests.swift */ = {isa = PBXFileReference; lastKnownFileType = sourcecode.swift; path = BrimoTests.swift; sourceTree = "<group>"; };
		633838681A824B22007F92DD /* BRIMO_ICON.png */ = {isa = PBXFileReference; lastKnownFileType = image.png; path = BRIMO_ICON.png; sourceTree = "<group>"; };
		63621A9C1A88DF0300A7B3DB /* Social.framework */ = {isa = PBXFileReference; lastKnownFileType = wrapper.framework; name = Social.framework; path = System/Library/Frameworks/Social.framework; sourceTree = SDKROOT; };
/* End PBXFileReference section */

/* Begin PBXFrameworksBuildPhase section */
		633838061A821417007F92DD /* Frameworks */ = {
			isa = PBXFrameworksBuildPhase;
			buildActionMask = 2147483647;
			files = (
				63621A9D1A88DF0300A7B3DB /* Social.framework in Frameworks */,
			);
			runOnlyForDeploymentPostprocessing = 0;
		};
		6338381B1A821418007F92DD /* Frameworks */ = {
			isa = PBXFrameworksBuildPhase;
			buildActionMask = 2147483647;
			files = (
			);
			runOnlyForDeploymentPostprocessing = 0;
		};
/* End PBXFrameworksBuildPhase section */

/* Begin PBXGroup section */
		633838001A821417007F92DD = {
			isa = PBXGroup;
			children = (
				63621A9C1A88DF0300A7B3DB /* Social.framework */,
				6338380B1A821417007F92DD /* Brimo */,
				633838211A821418007F92DD /* BrimoTests */,
				6338380A1A821417007F92DD /* Products */,
				633838681A824B22007F92DD /* BRIMO_ICON.png */,
			);
			sourceTree = "<group>";
		};
		6338380A1A821417007F92DD /* Products */ = {
			isa = PBXGroup;
			children = (
				633838091A821417007F92DD /* Brimo.app */,
				6338381E1A821418007F92DD /* BrimoTests.xctest */,
			);
			name = Products;
			sourceTree = "<group>";
		};
		6338380B1A821417007F92DD /* Brimo */ = {
			isa = PBXGroup;
			children = (
				6338380E1A821417007F92DD /* AppDelegate.swift */,
				633838101A821417007F92DD /* ViewController.swift */,
				633838121A821417007F92DD /* Main.storyboard */,
				633838151A821417007F92DD /* Images.xcassets */,
				633838171A821417007F92DD /* LaunchScreen.xib */,
				6338380C1A821417007F92DD /* Supporting Files */,
			);
			path = Brimo;
			sourceTree = "<group>";
		};
		6338380C1A821417007F92DD /* Supporting Files */ = {
			isa = PBXGroup;
			children = (
				6338380D1A821417007F92DD /* Info.plist */,
			);
			name = "Supporting Files";
			sourceTree = "<group>";
		};
		633838211A821418007F92DD /* BrimoTests */ = {
			isa = PBXGroup;
			children = (
				633838241A821418007F92DD /* BrimoTests.swift */,
				633838221A821418007F92DD /* Supporting Files */,
			);
			path = BrimoTests;
			sourceTree = "<group>";
		};
		633838221A821418007F92DD /* Supporting Files */ = {
			isa = PBXGroup;
			children = (
				633838231A821418007F92DD /* Info.plist */,
			);
			name = "Supporting Files";
			sourceTree = "<group>";
		};
/* End PBXGroup section */

/* Begin PBXNativeTarget section */
		633838081A821417007F92DD /* Brimo */ = {
			isa = PBXNativeTarget;
			buildConfigurationList = 633838281A821418007F92DD /* Build configuration list for PBXNativeTarget "Brimo" */;
			buildPhases = (
				633838051A821417007F92DD /* Sources */,
				633838061A821417007F92DD /* Frameworks */,
				633838071A821417007F92DD /* Resources */,
			);
			buildRules = (
			);
			dependencies = (
			);
			name = Brimo;
			productName = Brimo;
			productReference = 633838091A821417007F92DD /* Brimo.app */;
			productType = "com.apple.product-type.application";
		};
		6338381D1A821418007F92DD /* BrimoTests */ = {
			isa = PBXNativeTarget;
			buildConfigurationList = 6338382B1A821418007F92DD /* Build configuration list for PBXNativeTarget "BrimoTests" */;
			buildPhases = (
				6338381A1A821418007F92DD /* Sources */,
				6338381B1A821418007F92DD /* Frameworks */,
				6338381C1A821418007F92DD /* Resources */,
			);
			buildRules = (
			);
			dependencies = (
				633838201A821418007F92DD /* PBXTargetDependency */,
			);
			name = BrimoTests;
			productName = BrimoTests;
			productReference = 6338381E1A821418007F92DD /* BrimoTests.xctest */;
			productType = "com.apple.product-type.bundle.unit-test";
		};
/* End PBXNativeTarget section */

/* Begin PBXProject section */
		633838011A821417007F92DD /* Project object */ = {
			isa = PBXProject;
			attributes = {
				LastUpgradeCheck = 0610;
				ORGANIZATIONNAME = David;
				TargetAttributes = {
					633838081A821417007F92DD = {
						CreatedOnToolsVersion = 6.1.1;
					};
					6338381D1A821418007F92DD = {
						CreatedOnToolsVersion = 6.1.1;
						TestTargetID = 633838081A821417007F92DD;
					};
				};
			};
			buildConfigurationList = 633838041A821417007F92DD /* Build configuration list for PBXProject "Brimo" */;
			compatibilityVersion = "Xcode 3.2";
			developmentRegion = English;
			hasScannedForEncodings = 0;
			knownRegions = (
				en,
				Base,
			);
			mainGroup = 633838001A821417007F92DD;
			productRefGroup = 6338380A1A821417007F92DD /* Products */;
			projectDirPath = "";
			projectRoot = "";
			targets = (
				633838081A821417007F92DD /* Brimo */,
				6338381D1A821418007F92DD /* BrimoTests */,
			);
		};
/* End PBXProject section */

/* Begin PBXResourcesBuildPhase section */
		633838071A821417007F92DD /* Resources */ = {
			isa = PBXResourcesBuildPhase;
			buildActionMask = 2147483647;
			files = (
				633838141A821417007F92DD /* Main.storyboard in Resources */,
				633838191A821417007F92DD /* LaunchScreen.xib in Resources */,
				633838691A824B22007F92DD /* BRIMO_ICON.png in Resources */,
				633838161A821417007F92DD /* Images.xcassets in Resources */,
			);
			runOnlyForDeploymentPostprocessing = 0;
		};
		6338381C1A821418007F92DD /* Resources */ = {
			isa = PBXResourcesBuildPhase;
			buildActionMask = 2147483647;
			files = (
			);
			runOnlyForDeploymentPostprocessing = 0;
		};
/* End PBXResourcesBuildPhase section */

/* Begin PBXSourcesBuildPhase section */
		633838051A821417007F92DD /* Sources */ = {
			isa = PBXSourcesBuildPhase;
			buildActionMask = 2147483647;
			files = (
				633838111A821417007F92DD /* ViewController.swift in Sources */,
				6338380F1A821417007F92DD /* AppDelegate.swift in Sources */,
			);
			runOnlyForDeploymentPostprocessing = 0;
		};
		6338381A1A821418007F92DD /* Sources */ = {
			isa = PBXSourcesBuildPhase;
			buildActionMask = 2147483647;
			files = (
				633838251A821418007F92DD /* BrimoTests.swift in Sources */,
			);
			runOnlyForDeploymentPostprocessing = 0;
		};
/* End PBXSourcesBuildPhase section */

/* Begin PBXTargetDependency section */
		633838201A821418007F92DD /* PBXTargetDependency */ = {
			isa = PBXTargetDependency;
			target = 633838081A821417007F92DD /* Brimo */;
			targetProxy = 6338381F1A821418007F92DD /* PBXContainerItemProxy */;
		};
/* End PBXTargetDependency section */

/* Begin PBXVariantGroup section */
		633838121A821417007F92DD /* Main.storyboard */ = {
			isa = PBXVariantGroup;
			children = (
				633838131A821417007F92DD /* Base */,
			);
			name = Main.storyboard;
			sourceTree = "<group>";
		};
		633838171A821417007F92DD /* LaunchScreen.xib */ = {
			isa = PBXVariantGroup;
			children = (
				633838181A821417007F92DD /* Base */,
			);
			name = LaunchScreen.xib;
			sourceTree = "<group>";
		};
/* End PBXVariantGroup section */

/* Begin XCBuildConfiguration section */
		633838261A821418007F92DD /* Debug */ = {
			isa = XCBuildConfiguration;
			buildSettings = {
				ALWAYS_SEARCH_USER_PATHS = NO;
				CLANG_CXX_LANGUAGE_STANDARD = "gnu++0x";
				CLANG_CXX_LIBRARY = "libc++";
				CLANG_ENABLE_MODULES = YES;
				CLANG_ENABLE_OBJC_ARC = YES;
				CLANG_WARN_BOOL_CONVERSION = YES;
				CLANG_WARN_CONSTANT_CONVERSION = YES;
				CLANG_WARN_DIRECT_OBJC_ISA_USAGE = YES_ERROR;
				CLANG_WARN_EMPTY_BODY = YES;
				CLANG_WARN_ENUM_CONVERSION = YES;
				CLANG_WARN_INT_CONVERSION = YES;
				CLANG_WARN_OBJC_ROOT_CLASS = YES_ERROR;
				CLANG_WARN_UNREACHABLE_CODE = YES;
				CLANG_WARN__DUPLICATE_METHOD_MATCH = YES;
				"CODE_SIGN_IDENTITY[sdk=iphoneos*]" = "iPhone Developer";
				COPY_PHASE_STRIP = NO;
				ENABLE_STRICT_OBJC_MSGSEND = YES;
				GCC_C_LANGUAGE_STANDARD = gnu99;
				GCC_DYNAMIC_NO_PIC = NO;
				GCC_OPTIMIZATION_LEVEL = 0;
				GCC_PREPROCESSOR_DEFINITIONS = (
					"DEBUG=1",
					"$(inherited)",
				);
				GCC_SYMBOLS_PRIVATE_EXTERN = NO;
				GCC_WARN_64_TO_32_BIT_CONVERSION = YES;
				GCC_WARN_ABOUT_RETURN_TYPE = YES_ERROR;
				GCC_WARN_UNDECLARED_SELECTOR = YES;
				GCC_WARN_UNINITIALIZED_AUTOS = YES_AGGRESSIVE;
				GCC_WARN_UNUSED_FUNCTION = YES;
				GCC_WARN_UNUSED_VARIABLE = YES;
				IPHONEOS_DEPLOYMENT_TARGET = 8.1;
				MTL_ENABLE_DEBUG_INFO = YES;
				ONLY_ACTIVE_ARCH = YES;
				SDKROOT = iphoneos;
				SWIFT_OPTIMIZATION_LEVEL = "-Onone";
			};
			name = Debug;
		};
		633838271A821418007F92DD /* Release */ = {
			isa = XCBuildConfiguration;
			buildSettings = {
				ALWAYS_SEARCH_USER_PATHS = NO;
				CLANG_CXX_LANGUAGE_STANDARD = "gnu++0x";
				CLANG_CXX_LIBRARY = "libc++";
				CLANG_ENABLE_MODULES = YES;
				CLANG_ENABLE_OBJC_ARC = YES;
				CLANG_WARN_BOOL_CONVERSION = YES;
				CLANG_WARN_CONSTANT_CONVERSION = YES;
				CLANG_WARN_DIRECT_OBJC_ISA_USAGE = YES_ERROR;
				CLANG_WARN_EMPTY_BODY = YES;
				CLANG_WARN_ENUM_CONVERSION = YES;
				CLANG_WARN_INT_CONVERSION = YES;
				CLANG_WARN_OBJC_ROOT_CLASS = YES_ERROR;
				CLANG_WARN_UNREACHABLE_CODE = YES;
				CLANG_WARN__DUPLICATE_METHOD_MATCH = YES;
				"CODE_SIGN_IDENTITY[sdk=iphoneos*]" = "iPhone Developer";
				COPY_PHASE_STRIP = YES;
				ENABLE_NS_ASSERTIONS = NO;
				ENABLE_STRICT_OBJC_MSGSEND = YES;
				GCC_C_LANGUAGE_STANDARD = gnu99;
				GCC_WARN_64_TO_32_BIT_CONVERSION = YES;
				GCC_WARN_ABOUT_RETURN_TYPE = YES_ERROR;
				GCC_WARN_UNDECLARED_SELECTOR = YES;
				GCC_WARN_UNINITIALIZED_AUTOS = YES_AGGRESSIVE;
				GCC_WARN_UNUSED_FUNCTION = YES;
				GCC_WARN_UNUSED_VARIABLE = YES;
				IPHONEOS_DEPLOYMENT_TARGET = 8.1;
				MTL_ENABLE_DEBUG_INFO = NO;
				SDKROOT = iphoneos;
				VALIDATE_PRODUCT = YES;
			};
			name = Release;
		};
		633838291A821418007F92DD /* Debug */ = {
			isa = XCBuildConfiguration;
			buildSettings = {
				ASSETCATALOG_COMPILER_APPICON_NAME = AppIcon;
				INFOPLIST_FILE = Brimo/Info.plist;
				LD_RUNPATH_SEARCH_PATHS = "$(inherited) @executable_path/Frameworks";
				PRODUCT_NAME = "$(TARGET_NAME)";
			};
			name = Debug;
		};
		6338382A1A821418007F92DD /* Release */ = {
			isa = XCBuildConfiguration;
			buildSettings = {
				ASSETCATALOG_COMPILER_APPICON_NAME = AppIcon;
				INFOPLIST_FILE = Brimo/Info.plist;
				LD_RUNPATH_SEARCH_PATHS = "$(inherited) @executable_path/Frameworks";
				PRODUCT_NAME = "$(TARGET_NAME)";
			};
			name = Release;
		};
		6338382C1A821418007F92DD /* Debug */ = {
			isa = XCBuildConfiguration;
			buildSettings = {
				BUNDLE_LOADER = "$(TEST_HOST)";
				FRAMEWORK_SEARCH_PATHS = (
					"$(SDKROOT)/Developer/Library/Frameworks",
					"$(inherited)",
				);
				GCC_PREPROCESSOR_DEFINITIONS = (
					"DEBUG=1",
					"$(inherited)",
				);
				INFOPLIST_FILE = BrimoTests/Info.plist;
				LD_RUNPATH_SEARCH_PATHS = "$(inherited) @executable_path/Frameworks @loader_path/Frameworks";
				PRODUCT_NAME = "$(TARGET_NAME)";
				TEST_HOST = "$(BUILT_PRODUCTS_DIR)/Brimo.app/Brimo";
			};
			name = Debug;
		};
		6338382D1A821418007F92DD /* Release */ = {
			isa = XCBuildConfiguration;
			buildSettings = {
				BUNDLE_LOADER = "$(TEST_HOST)";
				FRAMEWORK_SEARCH_PATHS = (
					"$(SDKROOT)/Developer/Library/Frameworks",
					"$(inherited)",
				);
				INFOPLIST_FILE = BrimoTests/Info.plist;
				LD_RUNPATH_SEARCH_PATHS = "$(inherited) @executable_path/Frameworks @loader_path/Frameworks";
				PRODUCT_NAME = "$(TARGET_NAME)";
				TEST_HOST = "$(BUILT_PRODUCTS_DIR)/Brimo.app/Brimo";
			};
			name = Release;
		};
/* End XCBuildConfiguration section */

/* Begin XCConfigurationList section */
		633838041A821417007F92DD /* Build configuration list for PBXProject "Brimo" */ = {
			isa = XCConfigurationList;
			buildConfigurations = (
				633838261A821418007F92DD /* Debug */,
				633838271A821418007F92DD /* Release */,
			);
			defaultConfigurationIsVisible = 0;
			defaultConfigurationName = Release;
		};
		633838281A821418007F92DD /* Build configuration list for PBXNativeTarget "Brimo" */ = {
			isa = XCConfigurationList;
			buildConfigurations = (
				633838291A821418007F92DD /* Debug */,
				6338382A1A821418007F92DD /* Release */,
			);
			defaultConfigurationIsVisible = 0;
			defaultConfigurationName = Release;
		};
		6338382B1A821418007F92DD /* Build configuration list for PBXNativeTarget "BrimoTests" */ = {
			isa = XCConfigurationList;
			buildConfigurations = (
				6338382C1A821418007F92DD /* Debug */,
				6338382D1A821418007F92DD /* Release */,
			);
			defaultConfigurationIsVisible = 0;
			defaultConfigurationName = Release;
		};
/* End XCConfigurationList section */
	};
	rootObject = 633838011A821417007F92DD /* Project object */;
}
